
Microsoft Visual Studio Solution File, Format Version 12.00
# Visual Studio Version 17
VisualStudioVersion = 17.6.33829.357
MinimumVisualStudioVersion = 10.0.40219.1
Project("{FAE04EC0-301F-11D3-BF4B-00C04F79EFBC}") = "BillingSoftware", "BillingSoftware\BillingSoftware.csproj", "{1DCBB742-52CF-4C74-9DD1-AF29E580BB1D}"
EndProject
Global
	GlobalSection(SolutionConfigurationPlatforms) = preSolution
		Debug|Any CPU = Debug|Any CPU
		Release|Any CPU = Release|Any CPU
	EndGlobalSection
	GlobalSection(ProjectConfigurationPlatforms) = postSolution
		{1DCBB742-52CF-4C74-9DD1-AF29E580BB1D}.Debug|Any CPU.ActiveCfg = Debug|Any CPU
		{1DCBB742-52CF-4C74-9DD1-AF29E580BB1D}.Debug|Any CPU.Build.0 = Debug|Any CPU
		{1DCBB742-52CF-4C74-9DD1-AF29E580BB1D}.Release|Any CPU.ActiveCfg = Release|Any CPU
		{1DCBB742-52CF-4C74-9DD1-AF29E580BB1D}.Release|Any CPU.Build.0 = Release|Any CPU
	EndGlobalSection
	GlobalSection(SolutionProperties) = preSolution
		HideSolutionNode = FALSE
	EndGlobalSection
	GlobalSection(ExtensibilityGlobals) = postSolution
		SolutionGuid = {0654FF32-AA87-4601-B5AA-E1AACD285B22}
	EndGlobalSection
EndGlobal
